// !$*UTF8*$!
{
	archiveVersion = 1;
	classes = {
	};
	objectVersion = 46;
	objects = {

/* Begin PBXBuildFile section */
		593C4BBE15BC906E006DF520 /* AddToReminders.icns in Resources */ = {isa = PBXBuildFile; fileRef = 593C4BBD15BC906E006DF520 /* AddToReminders.icns */; };
		59B9D73515C857F70063982D /* EventKit.framework in Frameworks */ = {isa = PBXBuildFile; fileRef = 59B9D73415C857F70063982D /* EventKit.framework */; };
		59D1776015BBF09400B4C880 /* Cocoa.framework in Frameworks */ = {isa = PBXBuildFile; fileRef = 59D1775F15BBF09400B4C880 /* Cocoa.framework */; };
		59D1776A15BBF09400B4C880 /* InfoPlist.strings in Resources */ = {isa = PBXBuildFile; fileRef = 59D1776815BBF09400B4C880 /* InfoPlist.strings */; };
		59D1776C15BBF09400B4C880 /* main.m in Sources */ = {isa = PBXBuildFile; fileRef = 59D1776B15BBF09400B4C880 /* main.m */; };
		59D1777015BBF09400B4C880 /* Credits.rtf in Resources */ = {isa = PBXBuildFile; fileRef = 59D1776E15BBF09400B4C880 /* Credits.rtf */; };
		59D1777315BBF09400B4C880 /* AppDelegate.m in Sources */ = {isa = PBXBuildFile; fileRef = 59D1777215BBF09400B4C880 /* AppDelegate.m */; };
		59D1777615BBF09400B4C880 /* MainMenu.xib in Resources */ = {isa = PBXBuildFile; fileRef = 59D1777415BBF09400B4C880 /* MainMenu.xib */; };
		59D1778015BBF1C300B4C880 /* RootController.m in Sources */ = {isa = PBXBuildFile; fileRef = 59D1777F15BBF1C300B4C880 /* RootController.m */; };
/* End PBXBuildFile section */

/* Begin PBXFileReference section */
		593C4BBD15BC906E006DF520 /* AddToReminders.icns */ = {isa = PBXFileReference; lastKnownFileType = image.icns; path = AddToReminders.icns; sourceTree = "<group>"; };
		59B9D73415C857F70063982D /* EventKit.framework */ = {isa = PBXFileReference; lastKnownFileType = wrapper.framework; name = EventKit.framework; path = System/Library/Frameworks/EventKit.framework; sourceTree = SDKROOT; };
		59D1775B15BBF09400B4C880 /* AddToReminders.app */ = {isa = PBXFileReference; explicitFileType = wrapper.application; includeInIndex = 0; path = AddToReminders.app; sourceTree = BUILT_PRODUCTS_DIR; };
		59D1775F15BBF09400B4C880 /* Cocoa.framework */ = {isa = PBXFileReference; lastKnownFileType = wrapper.framework; name = Cocoa.framework; path = System/Library/Frameworks/Cocoa.framework; sourceTree = SDKROOT; };
		59D1776215BBF09400B4C880 /* AppKit.framework */ = {isa = PBXFileReference; lastKnownFileType = wrapper.framework; name = AppKit.framework; path = System/Library/Frameworks/AppKit.framework; sourceTree = SDKROOT; };
		59D1776315BBF09400B4C880 /* CoreData.framework */ = {isa = PBXFileReference; lastKnownFileType = wrapper.framework; name = CoreData.framework; path = System/Library/Frameworks/CoreData.framework; sourceTree = SDKROOT; };
		59D1776415BBF09400B4C880 /* Foundation.framework */ = {isa = PBXFileReference; lastKnownFileType = wrapper.framework; name = Foundation.framework; path = System/Library/Frameworks/Foundation.framework; sourceTree = SDKROOT; };
		59D1776715BBF09400B4C880 /* AddToReminders-Info.plist */ = {isa = PBXFileReference; lastKnownFileType = text.plist.xml; path = "AddToReminders-Info.plist"; sourceTree = "<group>"; };
		59D1776915BBF09400B4C880 /* en */ = {isa = PBXFileReference; lastKnownFileType = text.plist.strings; name = en; path = en.lproj/InfoPlist.strings; sourceTree = "<group>"; };
		59D1776B15BBF09400B4C880 /* main.m */ = {isa = PBXFileReference; lastKnownFileType = sourcecode.c.objc; path = main.m; sourceTree = "<group>"; };
		59D1776D15BBF09400B4C880 /* AddToReminders-Prefix.pch */ = {isa = PBXFileReference; lastKnownFileType = sourcecode.c.h; path = "AddToReminders-Prefix.pch"; sourceTree = "<group>"; };
		59D1776F15BBF09400B4C880 /* en */ = {isa = PBXFileReference; lastKnownFileType = text.rtf; name = en; path = en.lproj/Credits.rtf; sourceTree = "<group>"; };
		59D1777115BBF09400B4C880 /* AppDelegate.h */ = {isa = PBXFileReference; lastKnownFileType = sourcecode.c.h; path = AppDelegate.h; sourceTree = "<group>"; };
		59D1777215BBF09400B4C880 /* AppDelegate.m */ = {isa = PBXFileReference; lastKnownFileType = sourcecode.c.objc; path = AppDelegate.m; sourceTree = "<group>"; };
		59D1777515BBF09400B4C880 /* en */ = {isa = PBXFileReference; lastKnownFileType = file.xib; name = en; path = en.lproj/MainMenu.xib; sourceTree = "<group>"; };
		59D1777C15BBF0B200B4C880 /* CalendarStore.framework */ = {isa = PBXFileReference; lastKnownFileType = wrapper.framework; name = CalendarStore.framework; path = System/Library/Frameworks/CalendarStore.framework; sourceTree = SDKROOT; };
		59D1777E15BBF1C300B4C880 /* RootController.h */ = {isa = PBXFileReference; fileEncoding = 4; lastKnownFileType = sourcecode.c.h; path = RootController.h; sourceTree = "<group>"; };
		59D1777F15BBF1C300B4C880 /* RootController.m */ = {isa = PBXFileReference; fileEncoding = 4; lastKnownFileType = sourcecode.c.objc; path = RootController.m; sourceTree = "<group>"; };
/* End PBXFileReference section */

/* Begin PBXFrameworksBuildPhase section */
		59D1775815BBF09400B4C880 /* Frameworks */ = {
			isa = PBXFrameworksBuildPhase;
			buildActionMask = 2147483647;
			files = (
				59B9D73515C857F70063982D /* EventKit.framework in Frameworks */,
				59D1776015BBF09400B4C880 /* Cocoa.framework in Frameworks */,
			);
			runOnlyForDeploymentPostprocessing = 0;
		};
/* End PBXFrameworksBuildPhase section */

/* Begin PBXGroup section */
		59D1775015BBF09400B4C880 = {
			isa = PBXGroup;
			children = (
				59B9D73415C857F70063982D /* EventKit.framework */,
				593C4BBD15BC906E006DF520 /* AddToReminders.icns */,
				59D1777C15BBF0B200B4C880 /* CalendarStore.framework */,
				59D1776515BBF09400B4C880 /* AddToReminders */,
				59D1775E15BBF09400B4C880 /* Frameworks */,
				59D1775C15BBF09400B4C880 /* Products */,
			);
			sourceTree = "<group>";
		};
		59D1775C15BBF09400B4C880 /* Products */ = {
			isa = PBXGroup;
			children = (
				59D1775B15BBF09400B4C880 /* AddToReminders.app */,
			);
			name = Products;
			sourceTree = "<group>";
		};
		59D1775E15BBF09400B4C880 /* Frameworks */ = {
			isa = PBXGroup;
			children = (
				59D1775F15BBF09400B4C880 /* Cocoa.framework */,
				59D1776115BBF09400B4C880 /* Other Frameworks */,
			);
			name = Frameworks;
			sourceTree = "<group>";
		};
		59D1776115BBF09400B4C880 /* Other Frameworks */ = {
			isa = PBXGroup;
			children = (
				59D1776215BBF09400B4C880 /* AppKit.framework */,
				59D1776315BBF09400B4C880 /* CoreData.framework */,
				59D1776415BBF09400B4C880 /* Foundation.framework */,
			);
			name = "Other Frameworks";
			sourceTree = "<group>";
		};
		59D1776515BBF09400B4C880 /* AddToReminders */ = {
			isa = PBXGroup;
			children = (
				59D1777115BBF09400B4C880 /* AppDelegate.h */,
				59D1777215BBF09400B4C880 /* AppDelegate.m */,
				59D1777415BBF09400B4C880 /* MainMenu.xib */,
				59D1777E15BBF1C300B4C880 /* RootController.h */,
				59D1777F15BBF1C300B4C880 /* RootController.m */,
				59D1776615BBF09400B4C880 /* Supporting Files */,
			);
			path = AddToReminders;
			sourceTree = "<group>";
		};
		59D1776615BBF09400B4C880 /* Supporting Files */ = {
			isa = PBXGroup;
			children = (
				59D1776715BBF09400B4C880 /* AddToReminders-Info.plist */,
				59D1776815BBF09400B4C880 /* InfoPlist.strings */,
				59D1776B15BBF09400B4C880 /* main.m */,
				59D1776D15BBF09400B4C880 /* AddToReminders-Prefix.pch */,
				59D1776E15BBF09400B4C880 /* Credits.rtf */,
			);
			name = "Supporting Files";
			sourceTree = "<group>";
		};
/* End PBXGroup section */

/* Begin PBXNativeTarget section */
		59D1775A15BBF09400B4C880 /* AddToReminders */ = {
			isa = PBXNativeTarget;
			buildConfigurationList = 59D1777915BBF09400B4C880 /* Build configuration list for PBXNativeTarget "AddToReminders" */;
			buildPhases = (
				59D1775715BBF09400B4C880 /* Sources */,
				59D1775815BBF09400B4C880 /* Frameworks */,
				59D1775915BBF09400B4C880 /* Resources */,
			);
			buildRules = (
			);
			dependencies = (
			);
			name = AddToReminders;
			productName = AddToReminders;
			productReference = 59D1775B15BBF09400B4C880 /* AddToReminders.app */;
			productType = "com.apple.product-type.application";
		};
/* End PBXNativeTarget section */

/* Begin PBXProject section */
		59D1775215BBF09400B4C880 /* Project object */ = {
			isa = PBXProject;
			attributes = {
				LastUpgradeCheck = 0430;
			};
			buildConfigurationList = 59D1775515BBF09400B4C880 /* Build configuration list for PBXProject "AddToReminders" */;
			compatibilityVersion = "Xcode 3.2";
			developmentRegion = English;
			hasScannedForEncodings = 0;
			knownRegions = (
				en,
			);
			mainGroup = 59D1775015BBF09400B4C880;
			productRefGroup = 59D1775C15BBF09400B4C880 /* Products */;
			projectDirPath = "";
			projectRoot = "";
			targets = (
				59D1775A15BBF09400B4C880 /* AddToReminders */,
			);
		};
/* End PBXProject section */

/* Begin PBXResourcesBuildPhase section */
		59D1775915BBF09400B4C880 /* Resources */ = {
			isa = PBXResourcesBuildPhase;
			buildActionMask = 2147483647;
			files = (
				59D1776A15BBF09400B4C880 /* InfoPlist.strings in Resources */,
				59D1777015BBF09400B4C880 /* Credits.rtf in Resources */,
				59D1777615BBF09400B4C880 /* MainMenu.xib in Resources */,
				593C4BBE15BC906E006DF520 /* AddToReminders.icns in Resources */,
			);
			runOnlyForDeploymentPostprocessing = 0;
		};
/* End PBXResourcesBuildPhase section */

/* Begin PBXSourcesBuildPhase section */
		59D1775715BBF09400B4C880 /* Sources */ = {
			isa = PBXSourcesBuildPhase;
			buildActionMask = 2147483647;
			files = (
				59D1776C15BBF09400B4C880 /* main.m in Sources */,
				59D1777315BBF09400B4C880 /* AppDelegate.m in Sources */,
				59D1778015BBF1C300B4C880 /* RootController.m in Sources */,
			);
			runOnlyForDeploymentPostprocessing = 0;
		};
/* End PBXSourcesBuildPhase section */

/* Begin PBXVariantGroup section */
		59D1776815BBF09400B4C880 /* InfoPlist.strings */ = {
			isa = PBXVariantGroup;
			children = (
				59D1776915BBF09400B4C880 /* en */,
			);
			name = InfoPlist.strings;
			sourceTree = "<group>";
		};
		59D1776E15BBF09400B4C880 /* Credits.rtf */ = {
			isa = PBXVariantGroup;
			children = (
				59D1776F15BBF09400B4C880 /* en */,
			);
			name = Credits.rtf;
			sourceTree = "<group>";
		};
		59D1777415BBF09400B4C880 /* MainMenu.xib */ = {
			isa = PBXVariantGroup;
			children = (
				59D1777515BBF09400B4C880 /* en */,
			);
			name = MainMenu.xib;
			sourceTree = "<group>";
		};
/* End PBXVariantGroup section */

/* Begin XCBuildConfiguration section */
		59D1777715BBF09400B4C880 /* Debug */ = {
			isa = XCBuildConfiguration;
			buildSettings = {
				ALWAYS_SEARCH_USER_PATHS = NO;
				ARCHS = "$(ARCHS_STANDARD_64_BIT)";
				CLANG_ENABLE_OBJC_ARC = YES;
				COPY_PHASE_STRIP = NO;
				GCC_C_LANGUAGE_STANDARD = gnu99;
				GCC_DYNAMIC_NO_PIC = NO;
				GCC_ENABLE_OBJC_EXCEPTIONS = YES;
				GCC_OPTIMIZATION_LEVEL = 0;
				GCC_PREPROCESSOR_DEFINITIONS = (
					"DEBUG=1",
					"$(inherited)",
				);
				GCC_SYMBOLS_PRIVATE_EXTERN = NO;
				GCC_VERSION = com.apple.compilers.llvm.clang.1_0;
				GCC_WARN_64_TO_32_BIT_CONVERSION = YES;
				GCC_WARN_ABOUT_RETURN_TYPE = YES;
				GCC_WARN_UNINITIALIZED_AUTOS = YES;
				GCC_WARN_UNUSED_VARIABLE = YES;
				MACOSX_DEPLOYMENT_TARGET = 10.7;
				ONLY_ACTIVE_ARCH = YES;
				SDKROOT = macosx;
			};
			name = Debug;
		};
		59D1777815BBF09400B4C880 /* Release */ = {
			isa = XCBuildConfiguration;
			buildSettings = {
				ALWAYS_SEARCH_USER_PATHS = NO;
				ARCHS = "$(ARCHS_STANDARD_64_BIT)";
				CLANG_ENABLE_OBJC_ARC = YES;
				COPY_PHASE_STRIP = YES;
				DEBUG_INFORMATION_FORMAT = "dwarf-with-dsym";
				GCC_C_LANGUAGE_STANDARD = gnu99;
				GCC_ENABLE_OBJC_EXCEPTIONS = YES;
				GCC_VERSION = com.apple.compilers.llvm.clang.1_0;
				GCC_WARN_64_TO_32_BIT_CONVERSION = YES;
				GCC_WARN_ABOUT_RETURN_TYPE = YES;
				GCC_WARN_UNINITIALIZED_AUTOS = YES;
				GCC_WARN_UNUSED_VARIABLE = YES;
				MACOSX_DEPLOYMENT_TARGET = 10.7;
				SDKROOT = macosx;
			};
			name = Release;
		};
		59D1777A15BBF09400B4C880 /* Debug */ = {
			isa = XCBuildConfiguration;
			buildSettings = {
				GCC_PRECOMPILE_PREFIX_HEADER = YES;
				GCC_PREFIX_HEADER = "AddToReminders/AddToReminders-Prefix.pch";
				INFOPLIST_FILE = "AddToReminders/AddToReminders-Info.plist";
				MACOSX_DEPLOYMENT_TARGET = 10.8;
				PRODUCT_NAME = "$(TARGET_NAME)";
				WRAPPER_EXTENSION = app;
			};
			name = Debug;
		};
		59D1777B15BBF09400B4C880 /* Release */ = {
			isa = XCBuildConfiguration;
			buildSettings = {
				GCC_PRECOMPILE_PREFIX_HEADER = YES;
				GCC_PREFIX_HEADER = "AddToReminders/AddToReminders-Prefix.pch";
				INFOPLIST_FILE = "AddToReminders/AddToReminders-Info.plist";
				MACOSX_DEPLOYMENT_TARGET = 10.8;
				PRODUCT_NAME = "$(TARGET_NAME)";
				WRAPPER_EXTENSION = app;
			};
			name = Release;
		};
/* End XCBuildConfiguration section */

/* Begin XCConfigurationList section */
		59D1775515BBF09400B4C880 /* Build configuration list for PBXProject "AddToReminders" */ = {
			isa = XCConfigurationList;
			buildConfigurations = (
				59D1777715BBF09400B4C880 /* Debug */,
				59D1777815BBF09400B4C880 /* Release */,
			);
			defaultConfigurationIsVisible = 0;
			defaultConfigurationName = Release;
		};
		59D1777915BBF09400B4C880 /* Build configuration list for PBXNativeTarget "AddToReminders" */ = {
			isa = XCConfigurationList;
			buildConfigurations = (
				59D1777A15BBF09400B4C880 /* Debug */,
				59D1777B15BBF09400B4C880 /* Release */,
			);
			defaultConfigurationIsVisible = 0;
			defaultConfigurationName = Release;
		};
/* End XCConfigurationList section */
	};
	rootObject = 59D1775215BBF09400B4C880 /* Project object */;
}
